// !$*UTF8*$!
{
	archiveVersion = 1;
	classes = {
	};
	objectVersion = 46;
	objects = {

/* Begin PBXBuildFile section */
		AE1B8ED346FBF373011C5AF6 /* libPods-XYQPlayer.a in Frameworks */ = {isa = PBXBuildFile; fileRef = 43E029BF831A49D2E971C450 /* libPods-XYQPlayer.a */; };
		B80DED5E1E71625000B87966 /* PlayMusicViewController.m in Sources */ = {isa = PBXBuildFile; fileRef = B80DED5D1E71625000B87966 /* PlayMusicViewController.m */; };
		B818AF0C1E6E62EA000A2929 /* main.m in Sources */ = {isa = PBXBuildFile; fileRef = B818AF0B1E6E62EA000A2929 /* main.m */; };
		B818AF0F1E6E62EA000A2929 /* AppDelegate.m in Sources */ = {isa = PBXBuildFile; fileRef = B818AF0E1E6E62EA000A2929 /* AppDelegate.m */; };
		B818AF121E6E62EA000A2929 /* TableViewController.m in Sources */ = {isa = PBXBuildFile; fileRef = B818AF111E6E62EA000A2929 /* TableViewController.m */; };
		B818AF151E6E62EA000A2929 /* Main.storyboard in Resources */ = {isa = PBXBuildFile; fileRef = B818AF131E6E62EA000A2929 /* Main.storyboard */; };
		B818AF171E6E62EA000A2929 /* Assets.xcassets in Resources */ = {isa = PBXBuildFile; fileRef = B818AF161E6E62EA000A2929 /* Assets.xcassets */; };
		B818AF1A1E6E62EA000A2929 /* LaunchScreen.storyboard in Resources */ = {isa = PBXBuildFile; fileRef = B818AF181E6E62EA000A2929 /* LaunchScreen.storyboard */; };
		B818AF251E6E62EB000A2929 /* XYQPlayerTests.m in Sources */ = {isa = PBXBuildFile; fileRef = B818AF241E6E62EB000A2929 /* XYQPlayerTests.m */; };
		B818AF301E6E62EB000A2929 /* XYQPlayerUITests.m in Sources */ = {isa = PBXBuildFile; fileRef = B818AF2F1E6E62EB000A2929 /* XYQPlayerUITests.m */; };
		B818AF411E6E6433000A2929 /* XYQAudioTool.m in Sources */ = {isa = PBXBuildFile; fileRef = B818AF401E6E6433000A2929 /* XYQAudioTool.m */; };
		B818AF431E6E644D000A2929 /* AVFoundation.framework in Frameworks */ = {isa = PBXBuildFile; fileRef = B818AF421E6E644D000A2929 /* AVFoundation.framework */; };
		B818AF451E6E66B0000A2929 /* AudioToolbox.framework in Frameworks */ = {isa = PBXBuildFile; fileRef = B818AF441E6E66B0000A2929 /* AudioToolbox.framework */; };
		B818AF491E6E778C000A2929 /* Source.bundle in Resources */ = {isa = PBXBuildFile; fileRef = B818AF481E6E778C000A2929 /* Source.bundle */; };
		B818AF4C1E6E7A66000A2929 /* XYQAudioToolView.m in Sources */ = {isa = PBXBuildFile; fileRef = B818AF4B1E6E7A66000A2929 /* XYQAudioToolView.m */; };
		B818AF4F1E6E7E17000A2929 /* XYQAudioToolLoader.m in Sources */ = {isa = PBXBuildFile; fileRef = B818AF4E1E6E7E17000A2929 /* XYQAudioToolLoader.m */; };
		B85FDE3A1E704997001E66B2 /* UIImage+XYQCornerRadius.m in Sources */ = {isa = PBXBuildFile; fileRef = B85FDE391E704997001E66B2 /* UIImage+XYQCornerRadius.m */; };
		B86F2E361E718C5500957672 /* XYQHUDView.m in Sources */ = {isa = PBXBuildFile; fileRef = B86F2E351E718C5500957672 /* XYQHUDView.m */; };
		B8A2DF4B1E97287E00A43DE1 /* XYQTimeProgress.m in Sources */ = {isa = PBXBuildFile; fileRef = B8A2DF4A1E97287E00A43DE1 /* XYQTimeProgress.m */; };
		B8B09C161E99D601009CBA83 /* MediaPlayer.framework in Frameworks */ = {isa = PBXBuildFile; fileRef = B8B09C151E99D601009CBA83 /* MediaPlayer.framework */; };
		B8B09C191E99DBB3009CBA83 /* PlayMovieViewController.m in Sources */ = {isa = PBXBuildFile; fileRef = B8B09C181E99DBB3009CBA83 /* PlayMovieViewController.m */; };
		B8B09C1A1E99DD45009CBA83 /* XYQMovieTool.m in Sources */ = {isa = PBXBuildFile; fileRef = B8B09C131E99D452009CBA83 /* XYQMovieTool.m */; };
		B8CC5B481E7126160001924B /* 一千年以后.mp3 in Resources */ = {isa = PBXBuildFile; fileRef = B8CC5B381E7126160001924B /* 一千年以后.mp3 */; };
		B8CC5B491E7126160001924B /* 心碎了无痕.mp3 in Resources */ = {isa = PBXBuildFile; fileRef = B8CC5B391E7126160001924B /* 心碎了无痕.mp3 */; };
		B8CC5B4A1E7126160001924B /* 最佳损友.mp3 in Resources */ = {isa = PBXBuildFile; fileRef = B8CC5B3A1E7126160001924B /* 最佳损友.mp3 */; };
		B8CC5B4B1E7126160001924B /* 瓦解.mp3 in Resources */ = {isa = PBXBuildFile; fileRef = B8CC5B3B1E7126160001924B /* 瓦解.mp3 */; };
		B8CC5B4C1E7126160001924B /* 简单爱.mp3 in Resources */ = {isa = PBXBuildFile; fileRef = B8CC5B3C1E7126160001924B /* 简单爱.mp3 */; };
		B8CC5B4D1E7126160001924B /* Musics.plist in Resources */ = {isa = PBXBuildFile; fileRef = B8CC5B3D1E7126160001924B /* Musics.plist */; };
/* End PBXBuildFile section */

/* Begin PBXContainerItemProxy section */
		B818AF211E6E62EB000A2929 /* PBXContainerItemProxy */ = {
			isa = PBXContainerItemProxy;
			containerPortal = B818AEFF1E6E62EA000A2929 /* Project object */;
			proxyType = 1;
			remoteGlobalIDString = B818AF061E6E62EA000A2929;
			remoteInfo = XYQPlayer;
		};
		B818AF2C1E6E62EB000A2929 /* PBXContainerItemProxy */ = {
			isa = PBXContainerItemProxy;
			containerPortal = B818AEFF1E6E62EA000A2929 /* Project object */;
			proxyType = 1;
			remoteGlobalIDString = B818AF061E6E62EA000A2929;
			remoteInfo = XYQPlayer;
		};
/* End PBXContainerItemProxy section */

/* Begin PBXFileReference section */
		43E029BF831A49D2E971C450 /* libPods-XYQPlayer.a */ = {isa = PBXFileReference; explicitFileType = archive.ar; includeInIndex = 0; path = "libPods-XYQPlayer.a"; sourceTree = BUILT_PRODUCTS_DIR; };
		96D83ABA730642266D28591D /* Pods-XYQPlayer.debug.xcconfig */ = {isa = PBXFileReference; includeInIndex = 1; lastKnownFileType = text.xcconfig; name = "Pods-XYQPlayer.debug.xcconfig"; path = "Pods/Target Support Files/Pods-XYQPlayer/Pods-XYQPlayer.debug.xcconfig"; sourceTree = "<group>"; };
		B80DED5C1E71625000B87966 /* PlayMusicViewController.h */ = {isa = PBXFileReference; fileEncoding = 4; lastKnownFileType = sourcecode.c.h; path = PlayMusicViewController.h; sourceTree = "<group>"; };
		B80DED5D1E71625000B87966 /* PlayMusicViewController.m */ = {isa = PBXFileReference; fileEncoding = 4; lastKnownFileType = sourcecode.c.objc; path = PlayMusicViewController.m; sourceTree = "<group>"; };
		B818AF071E6E62EA000A2929 /* XYQPlayer.app */ = {isa = PBXFileReference; explicitFileType = wrapper.application; includeInIndex = 0; path = XYQPlayer.app; sourceTree = BUILT_PRODUCTS_DIR; };
		B818AF0B1E6E62EA000A2929 /* main.m */ = {isa = PBXFileReference; lastKnownFileType = sourcecode.c.objc; path = main.m; sourceTree = "<group>"; };
		B818AF0D1E6E62EA000A2929 /* AppDelegate.h */ = {isa = PBXFileReference; lastKnownFileType = sourcecode.c.h; path = AppDelegate.h; sourceTree = "<group>"; };
		B818AF0E1E6E62EA000A2929 /* AppDelegate.m */ = {isa = PBXFileReference; lastKnownFileType = sourcecode.c.objc; path = AppDelegate.m; sourceTree = "<group>"; };
		B818AF101E6E62EA000A2929 /* TableViewController.h */ = {isa = PBXFileReference; lastKnownFileType = sourcecode.c.h; path = TableViewController.h; sourceTree = "<group>"; };
		B818AF111E6E62EA000A2929 /* TableViewController.m */ = {isa = PBXFileReference; lastKnownFileType = sourcecode.c.objc; path = TableViewController.m; sourceTree = "<group>"; };
		B818AF141E6E62EA000A2929 /* Base */ = {isa = PBXFileReference; lastKnownFileType = file.storyboard; name = Base; path = Base.lproj/Main.storyboard; sourceTree = "<group>"; };
		B818AF161E6E62EA000A2929 /* Assets.xcassets */ = {isa = PBXFileReference; lastKnownFileType = folder.assetcatalog; path = Assets.xcassets; sourceTree = "<group>"; };
		B818AF191E6E62EA000A2929 /* Base */ = {isa = PBXFileReference; lastKnownFileType = file.storyboard; name = Base; path = Base.lproj/LaunchScreen.storyboard; sourceTree = "<group>"; };
		B818AF1B1E6E62EA000A2929 /* Info.plist */ = {isa = PBXFileReference; lastKnownFileType = text.plist.xml; path = Info.plist; sourceTree = "<group>"; };
		B818AF201E6E62EB000A2929 /* XYQPlayerTests.xctest */ = {isa = PBXFileReference; explicitFileType = wrapper.cfbundle; includeInIndex = 0; path = XYQPlayerTests.xctest; sourceTree = BUILT_PRODUCTS_DIR; };
		B818AF241E6E62EB000A2929 /* XYQPlayerTests.m */ = {isa = PBXFileReference; lastKnownFileType = sourcecode.c.objc; path = XYQPlayerTests.m; sourceTree = "<group>"; };
		B818AF261E6E62EB000A2929 /* Info.plist */ = {isa = PBXFileReference; lastKnownFileType = text.plist.xml; path = Info.plist; sourceTree = "<group>"; };
		B818AF2B1E6E62EB000A2929 /* XYQPlayerUITests.xctest */ = {isa = PBXFileReference; explicitFileType = wrapper.cfbundle; includeInIndex = 0; path = XYQPlayerUITests.xctest; sourceTree = BUILT_PRODUCTS_DIR; };
		B818AF2F1E6E62EB000A2929 /* XYQPlayerUITests.m */ = {isa = PBXFileReference; lastKnownFileType = sourcecode.c.objc; path = XYQPlayerUITests.m; sourceTree = "<group>"; };
		B818AF311E6E62EB000A2929 /* Info.plist */ = {isa = PBXFileReference; lastKnownFileType = text.plist.xml; path = Info.plist; sourceTree = "<group>"; };
		B818AF3F1E6E6433000A2929 /* XYQAudioTool.h */ = {isa = PBXFileReference; fileEncoding = 4; lastKnownFileType = sourcecode.c.h; path = XYQAudioTool.h; sourceTree = "<group>"; };
		B818AF401E6E6433000A2929 /* XYQAudioTool.m */ = {isa = PBXFileReference; fileEncoding = 4; lastKnownFileType = sourcecode.c.objc; path = XYQAudioTool.m; sourceTree = "<group>"; };
		B818AF421E6E644D000A2929 /* AVFoundation.framework */ = {isa = PBXFileReference; lastKnownFileType = wrapper.framework; name = AVFoundation.framework; path = System/Library/Frameworks/AVFoundation.framework; sourceTree = SDKROOT; };
		B818AF441E6E66B0000A2929 /* AudioToolbox.framework */ = {isa = PBXFileReference; lastKnownFileType = wrapper.framework; name = AudioToolbox.framework; path = System/Library/Frameworks/AudioToolbox.framework; sourceTree = SDKROOT; };
		B818AF481E6E778C000A2929 /* Source.bundle */ = {isa = PBXFileReference; lastKnownFileType = "wrapper.plug-in"; path = Source.bundle; sourceTree = "<group>"; };
		B818AF4A1E6E7A66000A2929 /* XYQAudioToolView.h */ = {isa = PBXFileReference; fileEncoding = 4; lastKnownFileType = sourcecode.c.h; path = XYQAudioToolView.h; sourceTree = "<group>"; };
		B818AF4B1E6E7A66000A2929 /* XYQAudioToolView.m */ = {isa = PBXFileReference; fileEncoding = 4; lastKnownFileType = sourcecode.c.objc; path = XYQAudioToolView.m; sourceTree = "<group>"; };
		B818AF4D1E6E7E17000A2929 /* XYQAudioToolLoader.h */ = {isa = PBXFileReference; fileEncoding = 4; lastKnownFileType = sourcecode.c.h; path = XYQAudioToolLoader.h; sourceTree = "<group>"; };
		B818AF4E1E6E7E17000A2929 /* XYQAudioToolLoader.m */ = {isa = PBXFileReference; fileEncoding = 4; lastKnownFileType = sourcecode.c.objc; path = XYQAudioToolLoader.m; sourceTree = "<group>"; };
		B85FDE381E704997001E66B2 /* UIImage+XYQCornerRadius.h */ = {isa = PBXFileReference; fileEncoding = 4; lastKnownFileType = sourcecode.c.h; path = "UIImage+XYQCornerRadius.h"; sourceTree = "<group>"; };
		B85FDE391E704997001E66B2 /* UIImage+XYQCornerRadius.m */ = {isa = PBXFileReference; fileEncoding = 4; lastKnownFileType = sourcecode.c.objc; path = "UIImage+XYQCornerRadius.m"; sourceTree = "<group>"; };
		B86F2E341E718C5500957672 /* XYQHUDView.h */ = {isa = PBXFileReference; fileEncoding = 4; lastKnownFileType = sourcecode.c.h; path = XYQHUDView.h; sourceTree = "<group>"; };
		B86F2E351E718C5500957672 /* XYQHUDView.m */ = {isa = PBXFileReference; fileEncoding = 4; lastKnownFileType = sourcecode.c.objc; path = XYQHUDView.m; sourceTree = "<group>"; };
		B8A2DF491E97287E00A43DE1 /* XYQTimeProgress.h */ = {isa = PBXFileReference; fileEncoding = 4; lastKnownFileType = sourcecode.c.h; path = XYQTimeProgress.h; sourceTree = "<group>"; };
		B8A2DF4A1E97287E00A43DE1 /* XYQTimeProgress.m */ = {isa = PBXFileReference; fileEncoding = 4; lastKnownFileType = sourcecode.c.objc; path = XYQTimeProgress.m; sourceTree = "<group>"; };
		B8B09C121E99D452009CBA83 /* XYQMovieTool.h */ = {isa = PBXFileReference; fileEncoding = 4; lastKnownFileType = sourcecode.c.h; path = XYQMovieTool.h; sourceTree = "<group>"; };
		B8B09C131E99D452009CBA83 /* XYQMovieTool.m */ = {isa = PBXFileReference; fileEncoding = 4; lastKnownFileType = sourcecode.c.objc; path = XYQMovieTool.m; sourceTree = "<group>"; };
		B8B09C151E99D601009CBA83 /* MediaPlayer.framework */ = {isa = PBXFileReference; lastKnownFileType = wrapper.framework; name = MediaPlayer.framework; path = System/Library/Frameworks/MediaPlayer.framework; sourceTree = SDKROOT; };
		B8B09C171E99DBB3009CBA83 /* PlayMovieViewController.h */ = {isa = PBXFileReference; fileEncoding = 4; lastKnownFileType = sourcecode.c.h; path = PlayMovieViewController.h; sourceTree = "<group>"; };
		B8B09C181E99DBB3009CBA83 /* PlayMovieViewController.m */ = {isa = PBXFileReference; fileEncoding = 4; lastKnownFileType = sourcecode.c.objc; path = PlayMovieViewController.m; sourceTree = "<group>"; };
		B8C3EB8F1E98D1D2006E7D62 /* XYQAllHeader.h */ = {isa = PBXFileReference; fileEncoding = 4; lastKnownFileType = sourcecode.c.h; path = XYQAllHeader.h; sourceTree = "<group>"; };
		B8CC5B381E7126160001924B /* 一千年以后.mp3 */ = {isa = PBXFileReference; lastKnownFileType = audio.mp3; path = "一千年以后.mp3"; sourceTree = "<group>"; };
		B8CC5B391E7126160001924B /* 心碎了无痕.mp3 */ = {isa = PBXFileReference; lastKnownFileType = audio.mp3; path = "心碎了无痕.mp3"; sourceTree = "<group>"; };
		B8CC5B3A1E7126160001924B /* 最佳损友.mp3 */ = {isa = PBXFileReference; lastKnownFileType = audio.mp3; path = "最佳损友.mp3"; sourceTree = "<group>"; };
		B8CC5B3B1E7126160001924B /* 瓦解.mp3 */ = {isa = PBXFileReference; lastKnownFileType = audio.mp3; path = "瓦解.mp3"; sourceTree = "<group>"; };
		B8CC5B3C1E7126160001924B /* 简单爱.mp3 */ = {isa = PBXFileReference; lastKnownFileType = audio.mp3; path = "简单爱.mp3"; sourceTree = "<group>"; };
		B8CC5B3D1E7126160001924B /* Musics.plist */ = {isa = PBXFileReference; fileEncoding = 4; lastKnownFileType = text.plist.xml; path = Musics.plist; sourceTree = "<group>"; };
		C6AD06BEA8F221589BCF9502 /* Pods-XYQPlayer.release.xcconfig */ = {isa = PBXFileReference; includeInIndex = 1; lastKnownFileType = text.xcconfig; name = "Pods-XYQPlayer.release.xcconfig"; path = "Pods/Target Support Files/Pods-XYQPlayer/Pods-XYQPlayer.release.xcconfig"; sourceTree = "<group>"; };
/* End PBXFileReference section */

/* Begin PBXFrameworksBuildPhase section */
		B818AF041E6E62EA000A2929 /* Frameworks */ = {
			isa = PBXFrameworksBuildPhase;
			buildActionMask = 2147483647;
			files = (
				B8B09C161E99D601009CBA83 /* MediaPlayer.framework in Frameworks */,
				B818AF451E6E66B0000A2929 /* AudioToolbox.framework in Frameworks */,
				B818AF431E6E644D000A2929 /* AVFoundation.framework in Frameworks */,
				AE1B8ED346FBF373011C5AF6 /* libPods-XYQPlayer.a in Frameworks */,
			);
			runOnlyForDeploymentPostprocessing = 0;
		};
		B818AF1D1E6E62EB000A2929 /* Frameworks */ = {
			isa = PBXFrameworksBuildPhase;
			buildActionMask = 2147483647;
			files = (
			);
			runOnlyForDeploymentPostprocessing = 0;
		};
		B818AF281E6E62EB000A2929 /* Frameworks */ = {
			isa = PBXFrameworksBuildPhase;
			buildActionMask = 2147483647;
			files = (
			);
			runOnlyForDeploymentPostprocessing = 0;
		};
/* End PBXFrameworksBuildPhase section */

/* Begin PBXGroup section */
		2176E12967D1B04A50BCA439 /* Frameworks */ = {
			isa = PBXGroup;
			children = (
				B8B09C151E99D601009CBA83 /* MediaPlayer.framework */,
				B818AF441E6E66B0000A2929 /* AudioToolbox.framework */,
				B818AF421E6E644D000A2929 /* AVFoundation.framework */,
				43E029BF831A49D2E971C450 /* libPods-XYQPlayer.a */,
			);
			name = Frameworks;
			sourceTree = "<group>";
		};
		2C296AFDF54A6F4C61263F14 /* Pods */ = {
			isa = PBXGroup;
			children = (
				96D83ABA730642266D28591D /* Pods-XYQPlayer.debug.xcconfig */,
				C6AD06BEA8F221589BCF9502 /* Pods-XYQPlayer.release.xcconfig */,
			);
			name = Pods;
			sourceTree = "<group>";
		};
		B818AEFE1E6E62EA000A2929 = {
			isa = PBXGroup;
			children = (
				B818AF091E6E62EA000A2929 /* XYQPlayer */,
				B818AF231E6E62EB000A2929 /* XYQPlayerTests */,
				B818AF2E1E6E62EB000A2929 /* XYQPlayerUITests */,
				B818AF081E6E62EA000A2929 /* Products */,
				2C296AFDF54A6F4C61263F14 /* Pods */,
				2176E12967D1B04A50BCA439 /* Frameworks */,
			);
			sourceTree = "<group>";
		};
		B818AF081E6E62EA000A2929 /* Products */ = {
			isa = PBXGroup;
			children = (
				B818AF071E6E62EA000A2929 /* XYQPlayer.app */,
				B818AF201E6E62EB000A2929 /* XYQPlayerTests.xctest */,
				B818AF2B1E6E62EB000A2929 /* XYQPlayerUITests.xctest */,
			);
			name = Products;
			sourceTree = "<group>";
		};
		B818AF091E6E62EA000A2929 /* XYQPlayer */ = {
			isa = PBXGroup;
			children = (
				B818AF3E1E6E6400000A2929 /* XYQPlayer */,
				B818AF0D1E6E62EA000A2929 /* AppDelegate.h */,
				B818AF0E1E6E62EA000A2929 /* AppDelegate.m */,
				B818AF101E6E62EA000A2929 /* TableViewController.h */,
				B818AF111E6E62EA000A2929 /* TableViewController.m */,
				B80DED5C1E71625000B87966 /* PlayMusicViewController.h */,
				B80DED5D1E71625000B87966 /* PlayMusicViewController.m */,
				B8B09C171E99DBB3009CBA83 /* PlayMovieViewController.h */,
				B8B09C181E99DBB3009CBA83 /* PlayMovieViewController.m */,
				B818AF131E6E62EA000A2929 /* Main.storyboard */,
				B818AF161E6E62EA000A2929 /* Assets.xcassets */,
				B818AF181E6E62EA000A2929 /* LaunchScreen.storyboard */,
				B818AF1B1E6E62EA000A2929 /* Info.plist */,
				B818AF0A1E6E62EA000A2929 /* Supporting Files */,
			);
			path = XYQPlayer;
			sourceTree = "<group>";
		};
		B818AF0A1E6E62EA000A2929 /* Supporting Files */ = {
			isa = PBXGroup;
			children = (
				B8CC5B2B1E7126160001924B /* Resources */,
				B818AF0B1E6E62EA000A2929 /* main.m */,
			);
			name = "Supporting Files";
			sourceTree = "<group>";
		};
		B818AF231E6E62EB000A2929 /* XYQPlayerTests */ = {
			isa = PBXGroup;
			children = (
				B818AF241E6E62EB000A2929 /* XYQPlayerTests.m */,
				B818AF261E6E62EB000A2929 /* Info.plist */,
			);
			path = XYQPlayerTests;
			sourceTree = "<group>";
		};
		B818AF2E1E6E62EB000A2929 /* XYQPlayerUITests */ = {
			isa = PBXGroup;
			children = (
				B818AF2F1E6E62EB000A2929 /* XYQPlayerUITests.m */,
				B818AF311E6E62EB000A2929 /* Info.plist */,
			);
			path = XYQPlayerUITests;
			sourceTree = "<group>";
		};
		B818AF3E1E6E6400000A2929 /* XYQPlayer */ = {
			isa = PBXGroup;
			children = (
				B8C3EB8F1E98D1D2006E7D62 /* XYQAllHeader.h */,
				B818AF3F1E6E6433000A2929 /* XYQAudioTool.h */,
				B818AF401E6E6433000A2929 /* XYQAudioTool.m */,
				B8B09C121E99D452009CBA83 /* XYQMovieTool.h */,
				B8B09C131E99D452009CBA83 /* XYQMovieTool.m */,
				B818AF4A1E6E7A66000A2929 /* XYQAudioToolView.h */,
				B818AF4B1E6E7A66000A2929 /* XYQAudioToolView.m */,
				B818AF4D1E6E7E17000A2929 /* XYQAudioToolLoader.h */,
				B818AF4E1E6E7E17000A2929 /* XYQAudioToolLoader.m */,
				B86F2E341E718C5500957672 /* XYQHUDView.h */,
				B86F2E351E718C5500957672 /* XYQHUDView.m */,
				B8A2DF491E97287E00A43DE1 /* XYQTimeProgress.h */,
				B8A2DF4A1E97287E00A43DE1 /* XYQTimeProgress.m */,
				B85FDE381E704997001E66B2 /* UIImage+XYQCornerRadius.h */,
				B85FDE391E704997001E66B2 /* UIImage+XYQCornerRadius.m */,
				B818AF481E6E778C000A2929 /* Source.bundle */,
			);
			path = XYQPlayer;
			sourceTree = "<group>";
		};
		B8CC5B2B1E7126160001924B /* Resources */ = {
			isa = PBXGroup;
			children = (
				B8CC5B371E7126160001924B /* MP3s */,
				B8CC5B3D1E7126160001924B /* Musics.plist */,
			);
			path = Resources;
			sourceTree = "<group>";
		};
		B8CC5B371E7126160001924B /* MP3s */ = {
			isa = PBXGroup;
			children = (
				B8CC5B381E7126160001924B /* 一千年以后.mp3 */,
				B8CC5B391E7126160001924B /* 心碎了无痕.mp3 */,
				B8CC5B3A1E7126160001924B /* 最佳损友.mp3 */,
				B8CC5B3B1E7126160001924B /* 瓦解.mp3 */,
				B8CC5B3C1E7126160001924B /* 简单爱.mp3 */,
			);
			path = MP3s;
			sourceTree = "<group>";
		};
/* End PBXGroup section */

/* Begin PBXNativeTarget section */
		B818AF061E6E62EA000A2929 /* XYQPlayer */ = {
			isa = PBXNativeTarget;
			buildConfigurationList = B818AF341E6E62EB000A2929 /* Build configuration list for PBXNativeTarget "XYQPlayer" */;
			buildPhases = (
				7F1AC1061B020C8676FBD846 /* [CP] Check Pods Manifest.lock */,
				B818AF031E6E62EA000A2929 /* Sources */,
				B818AF041E6E62EA000A2929 /* Frameworks */,
				B818AF051E6E62EA000A2929 /* Resources */,
				9E04C49E882574BE89FE6443 /* [CP] Embed Pods Frameworks */,
				BBC4EDCA8A07143FFD2B6634 /* [CP] Copy Pods Resources */,
			);
			buildRules = (
			);
			dependencies = (
			);
			name = XYQPlayer;
			productName = XYQPlayer;
			productReference = B818AF071E6E62EA000A2929 /* XYQPlayer.app */;
			productType = "com.apple.product-type.application";
		};
		B818AF1F1E6E62EB000A2929 /* XYQPlayerTests */ = {
			isa = PBXNativeTarget;
			buildConfigurationList = B818AF371E6E62EB000A2929 /* Build configuration list for PBXNativeTarget "XYQPlayerTests" */;
			buildPhases = (
				B818AF1C1E6E62EB000A2929 /* Sources */,
				B818AF1D1E6E62EB000A2929 /* Frameworks */,
				B818AF1E1E6E62EB000A2929 /* Resources */,
			);
			buildRules = (
			);
			dependencies = (
				B818AF221E6E62EB000A2929 /* PBXTargetDependency */,
			);
			name = XYQPlayerTests;
			productName = XYQPlayerTests;
			productReference = B818AF201E6E62EB000A2929 /* XYQPlayerTests.xctest */;
			productType = "com.apple.product-type.bundle.unit-test";
		};
		B818AF2A1E6E62EB000A2929 /* XYQPlayerUITests */ = {
			isa = PBXNativeTarget;
			buildConfigurationList = B818AF3A1E6E62EB000A2929 /* Build configuration list for PBXNativeTarget "XYQPlayerUITests" */;
			buildPhases = (
				B818AF271E6E62EB000A2929 /* Sources */,
				B818AF281E6E62EB000A2929 /* Frameworks */,
				B818AF291E6E62EB000A2929 /* Resources */,
			);
			buildRules = (
			);
			dependencies = (
				B818AF2D1E6E62EB000A2929 /* PBXTargetDependency */,
			);
			name = XYQPlayerUITests;
			productName = XYQPlayerUITests;
			productReference = B818AF2B1E6E62EB000A2929 /* XYQPlayerUITests.xctest */;
			productType = "com.apple.product-type.bundle.ui-testing";
		};
/* End PBXNativeTarget section */

/* Begin PBXProject section */
		B818AEFF1E6E62EA000A2929 /* Project object */ = {
			isa = PBXProject;
			attributes = {
				LastUpgradeCheck = 0800;
				ORGANIZATIONNAME = "夏远全";
				TargetAttributes = {
					B818AF061E6E62EA000A2929 = {
						CreatedOnToolsVersion = 8.0;
						DevelopmentTeam = LG9M8ULUL8;
						ProvisioningStyle = Automatic;
					};
					B818AF1F1E6E62EB000A2929 = {
						CreatedOnToolsVersion = 8.0;
						DevelopmentTeam = LG9M8ULUL8;
						ProvisioningStyle = Automatic;
						TestTargetID = B818AF061E6E62EA000A2929;
					};
					B818AF2A1E6E62EB000A2929 = {
						CreatedOnToolsVersion = 8.0;
						DevelopmentTeam = LG9M8ULUL8;
						ProvisioningStyle = Automatic;
						TestTargetID = B818AF061E6E62EA000A2929;
					};
				};
			};
			buildConfigurationList = B818AF021E6E62EA000A2929 /* Build configuration list for PBXProject "XYQPlayer" */;
			compatibilityVersion = "Xcode 3.2";
			developmentRegion = English;
			hasScannedForEncodings = 0;
			knownRegions = (
				en,
				Base,
			);
			mainGroup = B818AEFE1E6E62EA000A2929;
			productRefGroup = B818AF081E6E62EA000A2929 /* Products */;
			projectDirPath = "";
			projectRoot = "";
			targets = (
				B818AF061E6E62EA000A2929 /* XYQPlayer */,
				B818AF1F1E6E62EB000A2929 /* XYQPlayerTests */,
				B818AF2A1E6E62EB000A2929 /* XYQPlayerUITests */,
			);
		};
/* End PBXProject section */

/* Begin PBXResourcesBuildPhase section */
		B818AF051E6E62EA000A2929 /* Resources */ = {
			isa = PBXResourcesBuildPhase;
			buildActionMask = 2147483647;
			files = (
				B8CC5B4A1E7126160001924B /* 最佳损友.mp3 in Resources */,
				B818AF1A1E6E62EA000A2929 /* LaunchScreen.storyboard in Resources */,
				B8CC5B491E7126160001924B /* 心碎了无痕.mp3 in Resources */,
				B8CC5B4D1E7126160001924B /* Musics.plist in Resources */,
				B818AF171E6E62EA000A2929 /* Assets.xcassets in Resources */,
				B8CC5B4B1E7126160001924B /* 瓦解.mp3 in Resources */,
				B8CC5B481E7126160001924B /* 一千年以后.mp3 in Resources */,
				B8CC5B4C1E7126160001924B /* 简单爱.mp3 in Resources */,
				B818AF491E6E778C000A2929 /* Source.bundle in Resources */,
				B818AF151E6E62EA000A2929 /* Main.storyboard in Resources */,
			);
			runOnlyForDeploymentPostprocessing = 0;
		};
		B818AF1E1E6E62EB000A2929 /* Resources */ = {
			isa = PBXResourcesBuildPhase;
			buildActionMask = 2147483647;
			files = (
			);
			runOnlyForDeploymentPostprocessing = 0;
		};
		B818AF291E6E62EB000A2929 /* Resources */ = {
			isa = PBXResourcesBuildPhase;
			buildActionMask = 2147483647;
			files = (
			);
			runOnlyForDeploymentPostprocessing = 0;
		};
/* End PBXResourcesBuildPhase section */

/* Begin PBXShellScriptBuildPhase section */
		7F1AC1061B020C8676FBD846 /* [CP] Check Pods Manifest.lock */ = {
			isa = PBXShellScriptBuildPhase;
			buildActionMask = 2147483647;
			files = (
			);
			inputPaths = (
			);
			name = "[CP] Check Pods Manifest.lock";
			outputPaths = (
			);
			runOnlyForDeploymentPostprocessing = 0;
			shellPath = /bin/sh;
			shellScript = "diff \"${PODS_ROOT}/../Podfile.lock\" \"${PODS_ROOT}/Manifest.lock\" > /dev/null\nif [ $? != 0 ] ; then\n    # print error to STDERR\n    echo \"error: The sandbox is not in sync with the Podfile.lock. Run 'pod install' or update your CocoaPods installation.\" >&2\n    exit 1\nfi\n";
			showEnvVarsInLog = 0;
		};
		9E04C49E882574BE89FE6443 /* [CP] Embed Pods Frameworks */ = {
			isa = PBXShellScriptBuildPhase;
			buildActionMask = 2147483647;
			files = (
			);
			inputPaths = (
			);
			name = "[CP] Embed Pods Frameworks";
			outputPaths = (
			);
			runOnlyForDeploymentPostprocessing = 0;
			shellPath = /bin/sh;
			shellScript = "\"${SRCROOT}/Pods/Target Support Files/Pods-XYQPlayer/Pods-XYQPlayer-frameworks.sh\"\n";
			showEnvVarsInLog = 0;
		};
		BBC4EDCA8A07143FFD2B6634 /* [CP] Copy Pods Resources */ = {
			isa = PBXShellScriptBuildPhase;
			buildActionMask = 2147483647;
			files = (
			);
			inputPaths = (
			);
			name = "[CP] Copy Pods Resources";
			outputPaths = (
			);
			runOnlyForDeploymentPostprocessing = 0;
			shellPath = /bin/sh;
			shellScript = "\"${SRCROOT}/Pods/Target Support Files/Pods-XYQPlayer/Pods-XYQPlayer-resources.sh\"\n";
			showEnvVarsInLog = 0;
		};
/* End PBXShellScriptBuildPhase section */

/* Begin PBXSourcesBuildPhase section */
		B818AF031E6E62EA000A2929 /* Sources */ = {
			isa = PBXSourcesBuildPhase;
			buildActionMask = 2147483647;
			files = (
				B8B09C1A1E99DD45009CBA83 /* XYQMovieTool.m in Sources */,
				B818AF4F1E6E7E17000A2929 /* XYQAudioToolLoader.m in Sources */,
				B818AF121E6E62EA000A2929 /* TableViewController.m in Sources */,
				B818AF0F1E6E62EA000A2929 /* AppDelegate.m in Sources */,
				B8A2DF4B1E97287E00A43DE1 /* XYQTimeProgress.m in Sources */,
				B818AF0C1E6E62EA000A2929 /* main.m in Sources */,
				B80DED5E1E71625000B87966 /* PlayMusicViewController.m in Sources */,
				B86F2E361E718C5500957672 /* XYQHUDView.m in Sources */,
				B85FDE3A1E704997001E66B2 /* UIImage+XYQCornerRadius.m in Sources */,
				B8B09C191E99DBB3009CBA83 /* PlayMovieViewController.m in Sources */,
				B818AF411E6E6433000A2929 /* XYQAudioTool.m in Sources */,
				B818AF4C1E6E7A66000A2929 /* XYQAudioToolView.m in Sources */,
			);
			runOnlyForDeploymentPostprocessing = 0;
		};
		B818AF1C1E6E62EB000A2929 /* Sources */ = {
			isa = PBXSourcesBuildPhase;
			buildActionMask = 2147483647;
			files = (
				B818AF251E6E62EB000A2929 /* XYQPlayerTests.m in Sources */,
			);
			runOnlyForDeploymentPostprocessing = 0;
		};
		B818AF271E6E62EB000A2929 /* Sources */ = {
			isa = PBXSourcesBuildPhase;
			buildActionMask = 2147483647;
			files = (
				B818AF301E6E62EB000A2929 /* XYQPlayerUITests.m in Sources */,
			);
			runOnlyForDeploymentPostprocessing = 0;
		};
/* End PBXSourcesBuildPhase section */

/* Begin PBXTargetDependency section */
		B818AF221E6E62EB000A2929 /* PBXTargetDependency */ = {
			isa = PBXTargetDependency;
			target = B818AF061E6E62EA000A2929 /* XYQPlayer */;
			targetProxy = B818AF211E6E62EB000A2929 /* PBXContainerItemProxy */;
		};
		B818AF2D1E6E62EB000A2929 /* PBXTargetDependency */ = {
			isa = PBXTargetDependency;
			target = B818AF061E6E62EA000A2929 /* XYQPlayer */;
			targetProxy = B818AF2C1E6E62EB000A2929 /* PBXContainerItemProxy */;
		};
/* End PBXTargetDependency section */

/* Begin PBXVariantGroup section */
		B818AF131E6E62EA000A2929 /* Main.storyboard */ = {
			isa = PBXVariantGroup;
			children = (
				B818AF141E6E62EA000A2929 /* Base */,
			);
			name = Main.storyboard;
			sourceTree = "<group>";
		};
		B818AF181E6E62EA000A2929 /* LaunchScreen.storyboard */ = {
			isa = PBXVariantGroup;
			children = (
				B818AF191E6E62EA000A2929 /* Base */,
			);
			name = LaunchScreen.storyboard;
			sourceTree = "<group>";
		};
/* End PBXVariantGroup section */

/* Begin XCBuildConfiguration section */
		B818AF321E6E62EB000A2929 /* Debug */ = {
			isa = XCBuildConfiguration;
			buildSettings = {
				ALWAYS_SEARCH_USER_PATHS = NO;
				CLANG_ANALYZER_NONNULL = YES;
				CLANG_CXX_LANGUAGE_STANDARD = "gnu++0x";
				CLANG_CXX_LIBRARY = "libc++";
				CLANG_ENABLE_MODULES = YES;
				CLANG_ENABLE_OBJC_ARC = YES;
				CLANG_WARN_BOOL_CONVERSION = YES;
				CLANG_WARN_CONSTANT_CONVERSION = YES;
				CLANG_WARN_DIRECT_OBJC_ISA_USAGE = YES_ERROR;
				CLANG_WARN_DOCUMENTATION_COMMENTS = YES;
				CLANG_WARN_EMPTY_BODY = YES;
				CLANG_WARN_ENUM_CONVERSION = YES;
				CLANG_WARN_INFINITE_RECURSION = YES;
				CLANG_WARN_INT_CONVERSION = YES;
				CLANG_WARN_OBJC_ROOT_CLASS = YES_ERROR;
				CLANG_WARN_SUSPICIOUS_MOVE = YES;
				CLANG_WARN_SUSPICIOUS_MOVES = YES;
				CLANG_WARN_UNREACHABLE_CODE = YES;
				CLANG_WARN__DUPLICATE_METHOD_MATCH = YES;
				"CODE_SIGN_IDENTITY[sdk=iphoneos*]" = "iPhone Developer";
				COPY_PHASE_STRIP = NO;
				DEBUG_INFORMATION_FORMAT = dwarf;
				ENABLE_STRICT_OBJC_MSGSEND = YES;
				ENABLE_TESTABILITY = YES;
				GCC_C_LANGUAGE_STANDARD = gnu99;
				GCC_DYNAMIC_NO_PIC = NO;
				GCC_NO_COMMON_BLOCKS = YES;
				GCC_OPTIMIZATION_LEVEL = 0;
				GCC_PREPROCESSOR_DEFINITIONS = (
					"DEBUG=1",
					"$(inherited)",
				);
				GCC_WARN_64_TO_32_BIT_CONVERSION = YES;
				GCC_WARN_ABOUT_RETURN_TYPE = YES_ERROR;
				GCC_WARN_UNDECLARED_SELECTOR = YES;
				GCC_WARN_UNINITIALIZED_AUTOS = YES_AGGRESSIVE;
				GCC_WARN_UNUSED_FUNCTION = YES;
				GCC_WARN_UNUSED_VARIABLE = YES;
				IPHONEOS_DEPLOYMENT_TARGET = 10.0;
				MTL_ENABLE_DEBUG_INFO = YES;
				ONLY_ACTIVE_ARCH = YES;
				SDKROOT = iphoneos;
			};
			name = Debug;
		};
		B818AF331E6E62EB000A2929 /* Release */ = {
			isa = XCBuildConfiguration;
			buildSettings = {
				ALWAYS_SEARCH_USER_PATHS = NO;
				CLANG_ANALYZER_NONNULL = YES;
				CLANG_CXX_LANGUAGE_STANDARD = "gnu++0x";
				CLANG_CXX_LIBRARY = "libc++";
				CLANG_ENABLE_MODULES = YES;
				CLANG_ENABLE_OBJC_ARC = YES;
				CLANG_WARN_BOOL_CONVERSION = YES;
				CLANG_WARN_CONSTANT_CONVERSION = YES;
				CLANG_WARN_DIRECT_OBJC_ISA_USAGE = YES_ERROR;
				CLANG_WARN_DOCUMENTATION_COMMENTS = YES;
				CLANG_WARN_EMPTY_BODY = YES;
				CLANG_WARN_ENUM_CONVERSION = YES;
				CLANG_WARN_INFINITE_RECURSION = YES;
				CLANG_WARN_INT_CONVERSION = YES;
				CLANG_WARN_OBJC_ROOT_CLASS = YES_ERROR;
				CLANG_WARN_SUSPICIOUS_MOVE = YES;
				CLANG_WARN_SUSPICIOUS_MOVES = YES;
				CLANG_WARN_UNREACHABLE_CODE = YES;
				CLANG_WARN__DUPLICATE_METHOD_MATCH = YES;
				"CODE_SIGN_IDENTITY[sdk=iphoneos*]" = "iPhone Developer";
				COPY_PHASE_STRIP = NO;
				DEBUG_INFORMATION_FORMAT = "dwarf-with-dsym";
				ENABLE_NS_ASSERTIONS = NO;
				ENABLE_STRICT_OBJC_MSGSEND = YES;
				GCC_C_LANGUAGE_STANDARD = gnu99;
				GCC_NO_COMMON_BLOCKS = YES;
				GCC_WARN_64_TO_32_BIT_CONVERSION = YES;
				GCC_WARN_ABOUT_RETURN_TYPE = YES_ERROR;
				GCC_WARN_UNDECLARED_SELECTOR = YES;
				GCC_WARN_UNINITIALIZED_AUTOS = YES_AGGRESSIVE;
				GCC_WARN_UNUSED_FUNCTION = YES;
				GCC_WARN_UNUSED_VARIABLE = YES;
				IPHONEOS_DEPLOYMENT_TARGET = 10.0;
				MTL_ENABLE_DEBUG_INFO = NO;
				SDKROOT = iphoneos;
				VALIDATE_PRODUCT = YES;
			};
			name = Release;
		};
		B818AF351E6E62EB000A2929 /* Debug */ = {
			isa = XCBuildConfiguration;
			baseConfigurationReference = 96D83ABA730642266D28591D /* Pods-XYQPlayer.debug.xcconfig */;
			buildSettings = {
				ASSETCATALOG_COMPILER_APPICON_NAME = AppIcon;
				DEVELOPMENT_TEAM = LG9M8ULUL8;
				INFOPLIST_FILE = XYQPlayer/Info.plist;
				LD_RUNPATH_SEARCH_PATHS = "$(inherited) @executable_path/Frameworks";
				PRODUCT_BUNDLE_IDENTIFIER = www.biaojiepay.com.XYQPlayer;
				PRODUCT_NAME = "$(TARGET_NAME)";
				SKIP_INSTALL = YES;
			};
			name = Debug;
		};
		B818AF361E6E62EB000A2929 /* Release */ = {
			isa = XCBuildConfiguration;
			baseConfigurationReference = C6AD06BEA8F221589BCF9502 /* Pods-XYQPlayer.release.xcconfig */;
			buildSettings = {
				ASSETCATALOG_COMPILER_APPICON_NAME = AppIcon;
				DEVELOPMENT_TEAM = LG9M8ULUL8;
				INFOPLIST_FILE = XYQPlayer/Info.plist;
				LD_RUNPATH_SEARCH_PATHS = "$(inherited) @executable_path/Frameworks";
				PRODUCT_BUNDLE_IDENTIFIER = www.biaojiepay.com.XYQPlayer;
				PRODUCT_NAME = "$(TARGET_NAME)";
				SKIP_INSTALL = YES;
			};
			name = Release;
		};
		B818AF381E6E62EB000A2929 /* Debug */ = {
			isa = XCBuildConfiguration;
			buildSettings = {
				BUNDLE_LOADER = "$(TEST_HOST)";
				DEVELOPMENT_TEAM = LG9M8ULUL8;
				INFOPLIST_FILE = XYQPlayerTests/Info.plist;
				LD_RUNPATH_SEARCH_PATHS = "$(inherited) @executable_path/Frameworks @loader_path/Frameworks";
				PRODUCT_BUNDLE_IDENTIFIER = www.biaojiepay.com.XYQPlayerTests;
				PRODUCT_NAME = "$(TARGET_NAME)";
				TEST_HOST = "$(BUILT_PRODUCTS_DIR)/XYQPlayer.app/XYQPlayer";
			};
			name = Debug;
		};
		B818AF391E6E62EB000A2929 /* Release */ = {
			isa = XCBuildConfiguration;
			buildSettings = {
				BUNDLE_LOADER = "$(TEST_HOST)";
				DEVELOPMENT_TEAM = LG9M8ULUL8;
				INFOPLIST_FILE = XYQPlayerTests/Info.plist;
				LD_RUNPATH_SEARCH_PATHS = "$(inherited) @executable_path/Frameworks @loader_path/Frameworks";
				PRODUCT_BUNDLE_IDENTIFIER = www.biaojiepay.com.XYQPlayerTests;
				PRODUCT_NAME = "$(TARGET_NAME)";
				TEST_HOST = "$(BUILT_PRODUCTS_DIR)/XYQPlayer.app/XYQPlayer";
			};
			name = Release;
		};
		B818AF3B1E6E62EB000A2929 /* Debug */ = {
			isa = XCBuildConfiguration;
			buildSettings = {
				DEVELOPMENT_TEAM = LG9M8ULUL8;
				INFOPLIST_FILE = XYQPlayerUITests/Info.plist;
				LD_RUNPATH_SEARCH_PATHS = "$(inherited) @executable_path/Frameworks @loader_path/Frameworks";
				PRODUCT_BUNDLE_IDENTIFIER = www.biaojiepay.com.XYQPlayerUITests;
				PRODUCT_NAME = "$(TARGET_NAME)";
				TEST_TARGET_NAME = XYQPlayer;
			};
			name = Debug;
		};
		B818AF3C1E6E62EB000A2929 /* Release */ = {
			isa = XCBuildConfiguration;
			buildSettings = {
				DEVELOPMENT_TEAM = LG9M8ULUL8;
				INFOPLIST_FILE = XYQPlayerUITests/Info.plist;
				LD_RUNPATH_SEARCH_PATHS = "$(inherited) @executable_path/Frameworks @loader_path/Frameworks";
				PRODUCT_BUNDLE_IDENTIFIER = www.biaojiepay.com.XYQPlayerUITests;
				PRODUCT_NAME = "$(TARGET_NAME)";
				TEST_TARGET_NAME = XYQPlayer;
			};
			name = Release;
		};
/* End XCBuildConfiguration section */

/* Begin XCConfigurationList section */
		B818AF021E6E62EA000A2929 /* Build configuration list for PBXProject "XYQPlayer" */ = {
			isa = XCConfigurationList;
			buildConfigurations = (
				B818AF321E6E62EB000A2929 /* Debug */,
				B818AF331E6E62EB000A2929 /* Release */,
			);
			defaultConfigurationIsVisible = 0;
			defaultConfigurationName = Release;
		};
		B818AF341E6E62EB000A2929 /* Build configuration list for PBXNativeTarget "XYQPlayer" */ = {
			isa = XCConfigurationList;
			buildConfigurations = (
				B818AF351E6E62EB000A2929 /* Debug */,
				B818AF361E6E62EB000A2929 /* Release */,
			);
			defaultConfigurationIsVisible = 0;
			defaultConfigurationName = Release;
		};
		B818AF371E6E62EB000A2929 /* Build configuration list for PBXNativeTarget "XYQPlayerTests" */ = {
			isa = XCConfigurationList;
			buildConfigurations = (
				B818AF381E6E62EB000A2929 /* Debug */,
				B818AF391E6E62EB000A2929 /* Release */,
			);
			defaultConfigurationIsVisible = 0;
			defaultConfigurationName = Release;
		};
		B818AF3A1E6E62EB000A2929 /* Build configuration list for PBXNativeTarget "XYQPlayerUITests" */ = {
			isa = XCConfigurationList;
			buildConfigurations = (
				B818AF3B1E6E62EB000A2929 /* Debug */,
				B818AF3C1E6E62EB000A2929 /* Release */,
			);
			defaultConfigurationIsVisible = 0;
			defaultConfigurationName = Release;
		};
/* End XCConfigurationList section */
	};
	rootObject = B818AEFF1E6E62EA000A2929 /* Project object */;
}
